
Microsoft Visual Studio Solution File, Format Version 12.00
# Visual Studio Version 16
VisualStudioVersion = 16.0.30804.86
MinimumVisualStudioVersion = 10.0.40219.1
Project("{FAE04EC0-301F-11D3-BF4B-00C04F79EFBC}") = "DCU-PFinal", "DCU-PFinal.csproj", "{FE0CE07F-235A-448F-BD77-2A2F75588ECE}"
EndProject
Global
	GlobalSection(SolutionConfigurationPlatforms) = preSolution
		Debug|Any CPU = Debug|Any CPU
		Release|Any CPU = Release|Any CPU
	EndGlobalSection
	GlobalSection(ProjectConfigurationPlatforms) = postSolution
		{FE0CE07F-235A-448F-BD77-2A2F75588ECE}.Debug|Any CPU.ActiveCfg = Debug|Any CPU
		{FE0CE07F-235A-448F-BD77-2A2F75588ECE}.Debug|Any CPU.Build.0 = Debug|Any CPU
		{FE0CE07F-235A-448F-BD77-2A2F75588ECE}.Release|Any CPU.ActiveCfg = Release|Any CPU
		{FE0CE07F-235A-448F-BD77-2A2F75588ECE}.Release|Any CPU.Build.0 = Release|Any CPU
	EndGlobalSection
	GlobalSection(SolutionProperties) = preSolution
		HideSolutionNode = FALSE
	EndGlobalSection
	GlobalSection(ExtensibilityGlobals) = postSolution
		SolutionGuid = {86BABA14-DCBC-4FAF-9A82-868A79AF4E51}
	EndGlobalSection
EndGlobal
